memo = "f362492c3b0fa2bf177c90b47214a00cf3531f0b558f33a7b5964981218f45cd"

[[projects]]
  branch = "master"
  name = "github.com/armon/go-radix"
  packages = ["."]
  revision = "4239b77079c7b5d1243b7b4736304ce8ddb6f0f2"

[[projects]]
  branch = "master"
  name = "github.com/asaskevich/govalidator"
  packages = ["."]
  revision = "872bb01704d183fe276bce6fa429408a87661998"

[[projects]]
  branch = "master"
  name = "github.com/auth0/go-jwt-middleware"
  packages = ["."]
  revision = "f3f7de3b9e394e3af3b88e1b9457f6f71d1ae0ac"

[[projects]]
  branch = "master"
  name = "github.com/bgentry/speakeasy"
  packages = ["."]
  revision = "675b82c74c0ed12283ee81ba8a534c8982c07b85"

[[projects]]
  name = "github.com/davecgh/go-spew"
  packages = ["spew"]
  revision = "346938d642f2ec3594ed81d874461961cd0faa76"
  version = "v1.1.0"

[[projects]]
  branch = "master"
  name = "github.com/dchest/uniuri"
  packages = ["."]
  revision = "8902c56451e9b58ff940bbe5fec35d5f9c04584a"

[[projects]]
  branch = "master"
  name = "github.com/dgrijalva/jwt-go"
  packages = ["."]
  revision = "2268707a8f0843315e2004ee4f1d021dc08baedf"

[[projects]]
  branch = "master"
  name = "github.com/go-pg/migrations"
  packages = ["."]
  revision = "327e262afb5c632d5aada01953c4307943cb2180"

[[projects]]
  branch = "master"
  name = "github.com/go-pg/pg"
  packages = [".","internal","internal/parser","internal/pool","orm","types"]
  revision = "b80ead78e706aae155d29d808f0df17fccd8eea2"

[[projects]]
  branch = "master"
  name = "github.com/google/jsonapi"
  packages = ["."]
  revision = "af3dab1a94c31a072f7d7df740f4e42861aec7f0"

[[projects]]
  branch = "master"
  name = "github.com/gorilla/context"
  packages = ["."]
  revision = "08b5f424b9271eedf6f9f0ce86cb9396ed337a42"

[[projects]]
  branch = "master"
  name = "github.com/gorilla/websocket"
  packages = ["."]
  revision = "3f3e394da2b801fbe732a935ef40724762a67a07"

[[projects]]
  branch = "master"
  name = "github.com/hashicorp/consul"
  packages = ["api"]
  revision = "22986fbfe899698b534861a012c50ce128c2b713"

[[projects]]
  branch = "master"
  name = "github.com/hashicorp/errwrap"
  packages = ["."]
  revision = "7554cd9344cec97297fa6649b055a8c98c2a1e55"

[[projects]]
  branch = "master"
  name = "github.com/hashicorp/go-cleanhttp"
  packages = ["."]
  revision = "3573b8b52aa7b37b9358d966a898feb387f62437"

[[projects]]
  branch = "master"
  name = "github.com/hashicorp/go-multierror"
  packages = ["."]
  revision = "ed905158d87462226a13fe39ddf685ea65f1c11f"

[[projects]]
  branch = "master"
  name = "github.com/hashicorp/hcl"
  packages = [".","hcl/ast","hcl/parser","hcl/scanner","hcl/strconv","hcl/token","json/parser","json/scanner","json/token"]
  revision = "630949a3c5fa3c613328e1b8256052cbc2327c9b"

[[projects]]
  name = "github.com/hashicorp/serf"
  packages = ["coordinate"]
  revision = "d6574a5bb1226678d7010325fb6c985db20ee458"
  version = "v0.8.1"

[[projects]]
  branch = "master"
  name = "github.com/jinzhu/inflection"
  packages = ["."]
  revision = "1c35d901db3da928c72a72d8458480cc9ade058f"

[[projects]]
  branch = "master"
  name = "github.com/jmcvetta/randutil"
  packages = ["."]
  revision = "2bb1b664bcff821e02b2a0644cd29c7e824d54f8"

[[projects]]
  branch = "master"
  name = "github.com/julienschmidt/httprouter"
  packages = ["."]
  revision = "6f3f3919c8781ce5c0509c83fffc887a7830c938"

[[projects]]
  branch = "master"
  name = "github.com/lxc/lxd"
  packages = [".","shared","shared/api","shared/ioprogress","shared/osarch","shared/simplestreams","shared/version"]
  revision = "2e26a18c0b8666257dca9a91a9c789251914adde"

[[projects]]
  branch = "master"
  name = "github.com/mattn/go-isatty"
  packages = ["."]
  revision = "dda3de49cbfcec471bd7a70e6cc01fcc3ff90109"

[[projects]]
  branch = "master"
  name = "github.com/mitchellh/cli"
  packages = ["."]
  revision = "8d6d9ab3c912dcb005ece87c40a41b9e73e1999a"

[[projects]]
  branch = "master"
  name = "github.com/mitchellh/mapstructure"
  packages = ["."]
  revision = "53818660ed4955e899c0bcafa97299a388bd7c8e"

[[projects]]
  name = "github.com/pmezard/go-difflib"
  packages = ["difflib"]
  revision = "792786c7400a136282c1664665ae0a8db921c6c2"
  version = "v1.0.0"

[[projects]]
  branch = "master"
  name = "github.com/rs/cors"
  packages = ["."]
  revision = "a62a804a8a009876ca59105f7899938a1349f4b3"

[[projects]]
  branch = "master"
  name = "github.com/rs/xhandler"
  packages = ["."]
  revision = "ed27b6fd65218132ee50cd95f38474a3d8a2cd12"

[[projects]]
  branch = "master"
  name = "github.com/stretchr/testify"
  packages = ["assert"]
  revision = "4d4bfba8f1d1027c4fdbe371823030df51419987"

[[projects]]
  branch = "master"
  name = "github.com/urfave/negroni"
  packages = ["."]
  revision = "c0db5feaa33826cd5117930c8f4ee5c0f565eec6"

[[projects]]
  branch = "master"
  name = "go.uber.org/atomic"
  packages = ["."]
  revision = "4e336646b2ef9fc6e47be8e21594178f98e5ebcf"

[[projects]]
  branch = "master"
  name = "go.uber.org/zap"
  packages = [".","buffer","internal/bufferpool","internal/color","internal/exit","internal/multierror","zapcore"]
  revision = "1550bc05539134bbf8612a35f34a79ab8bf34ee3"

[[projects]]
  branch = "master"
  name = "golang.org/x/net"
  packages = ["context"]
  revision = "906cda9512f77671ab44f8c8563b13a8e707b230"

[[projects]]
  branch = "master"
  name = "golang.org/x/sys"
  packages = ["unix"]
  revision = "e4594059fe4cde2daf423055a596c2cd1e6c9adf"

[[projects]]
  branch = "v2"
  name = "gopkg.in/yaml.v2"
  packages = ["."]
  revision = "a3f3340b5840cee44f372bddb5880fcbc419b46a"
